
Microsoft Visual Studio Solution File, Format Version 12.00
# Visual Studio Version 17
VisualStudioVersion = 17.7.34031.279
MinimumVisualStudioVersion = 10.0.40219.1
Project("{FAE04EC0-301F-11D3-BF4B-00C04F79EFBC}") = "Git_hub", "Git_hub\Git_hub.csproj", "{F7063087-E561-4CD0-B4CC-1D961E136456}"
EndProject
Global
	GlobalSection(SolutionConfigurationPlatforms) = preSolution
		Debug|Any CPU = Debug|Any CPU
		Release|Any CPU = Release|Any CPU
	EndGlobalSection
	GlobalSection(ProjectConfigurationPlatforms) = postSolution
		{F7063087-E561-4CD0-B4CC-1D961E136456}.Debug|Any CPU.ActiveCfg = Debug|Any CPU
		{F7063087-E561-4CD0-B4CC-1D961E136456}.Debug|Any CPU.Build.0 = Debug|Any CPU
		{F7063087-E561-4CD0-B4CC-1D961E136456}.Release|Any CPU.ActiveCfg = Release|Any CPU
		{F7063087-E561-4CD0-B4CC-1D961E136456}.Release|Any CPU.Build.0 = Release|Any CPU
	EndGlobalSection
	GlobalSection(SolutionProperties) = preSolution
		HideSolutionNode = FALSE
	EndGlobalSection
	GlobalSection(ExtensibilityGlobals) = postSolution
		SolutionGuid = {B1FA5642-B1B1-450A-BB4B-C7702B64D741}
	EndGlobalSection
EndGlobal
